// !$*UTF8*$!
{
	archiveVersion = 1;
	classes = {
	};
	objectVersion = 55;
	objects = {

/* Begin PBXBuildFile section */
		E9DCDC6B2862FF1D00B53127 /* AppDelegate.swift in Sources */ = {isa = PBXBuildFile; fileRef = E9DCDC6A2862FF1D00B53127 /* AppDelegate.swift */; };
		E9DCDC6D2862FF1D00B53127 /* SceneDelegate.swift in Sources */ = {isa = PBXBuildFile; fileRef = E9DCDC6C2862FF1D00B53127 /* SceneDelegate.swift */; };
		E9DCDC6F2862FF1D00B53127 /* ViewController.swift in Sources */ = {isa = PBXBuildFile; fileRef = E9DCDC6E2862FF1D00B53127 /* ViewController.swift */; };
		E9DCDC722862FF1D00B53127 /* Main.storyboard in Resources */ = {isa = PBXBuildFile; fileRef = E9DCDC702862FF1D00B53127 /* Main.storyboard */; };
		E9DCDC742862FF1E00B53127 /* Assets.xcassets in Resources */ = {isa = PBXBuildFile; fileRef = E9DCDC732862FF1E00B53127 /* Assets.xcassets */; };
		E9DCDC772862FF1E00B53127 /* LaunchScreen.storyboard in Resources */ = {isa = PBXBuildFile; fileRef = E9DCDC752862FF1E00B53127 /* LaunchScreen.storyboard */; };
		E9DCDC802862FFA800B53127 /* SnapKit in Frameworks */ = {isa = PBXBuildFile; productRef = E9DCDC7F2862FFA800B53127 /* SnapKit */; };
		E9DCDC832862FFB100B53127 /* Then in Frameworks */ = {isa = PBXBuildFile; productRef = E9DCDC822862FFB100B53127 /* Then */; };
		E9DCDC862862FFBD00B53127 /* RxCocoa in Frameworks */ = {isa = PBXBuildFile; productRef = E9DCDC852862FFBD00B53127 /* RxCocoa */; };
		E9DCDC882862FFBD00B53127 /* RxRelay in Frameworks */ = {isa = PBXBuildFile; productRef = E9DCDC872862FFBD00B53127 /* RxRelay */; };
		E9DCDC8A2862FFBD00B53127 /* RxSwift in Frameworks */ = {isa = PBXBuildFile; productRef = E9DCDC892862FFBD00B53127 /* RxSwift */; };
		E9DCDC8C286309EF00B53127 /* Cell.swift in Sources */ = {isa = PBXBuildFile; fileRef = E9DCDC8B286309EF00B53127 /* Cell.swift */; };
		E9DCDC902864279A00B53127 /* HeaderView.swift in Sources */ = {isa = PBXBuildFile; fileRef = E9DCDC8F2864279A00B53127 /* HeaderView.swift */; };
/* End PBXBuildFile section */

/* Begin PBXFileReference section */
		E9DCDC672862FF1D00B53127 /* CollectionViewCompositionalLayout-Example.app */ = {isa = PBXFileReference; explicitFileType = wrapper.application; includeInIndex = 0; path = "CollectionViewCompositionalLayout-Example.app"; sourceTree = BUILT_PRODUCTS_DIR; };
		E9DCDC6A2862FF1D00B53127 /* AppDelegate.swift */ = {isa = PBXFileReference; lastKnownFileType = sourcecode.swift; path = AppDelegate.swift; sourceTree = "<group>"; };
		E9DCDC6C2862FF1D00B53127 /* SceneDelegate.swift */ = {isa = PBXFileReference; lastKnownFileType = sourcecode.swift; path = SceneDelegate.swift; sourceTree = "<group>"; };
		E9DCDC6E2862FF1D00B53127 /* ViewController.swift */ = {isa = PBXFileReference; lastKnownFileType = sourcecode.swift; path = ViewController.swift; sourceTree = "<group>"; };
		E9DCDC712862FF1D00B53127 /* Base */ = {isa = PBXFileReference; lastKnownFileType = file.storyboard; name = Base; path = Base.lproj/Main.storyboard; sourceTree = "<group>"; };
		E9DCDC732862FF1E00B53127 /* Assets.xcassets */ = {isa = PBXFileReference; lastKnownFileType = folder.assetcatalog; path = Assets.xcassets; sourceTree = "<group>"; };
		E9DCDC762862FF1E00B53127 /* Base */ = {isa = PBXFileReference; lastKnownFileType = file.storyboard; name = Base; path = Base.lproj/LaunchScreen.storyboard; sourceTree = "<group>"; };
		E9DCDC782862FF1E00B53127 /* Info.plist */ = {isa = PBXFileReference; lastKnownFileType = text.plist.xml; path = Info.plist; sourceTree = "<group>"; };
		E9DCDC8B286309EF00B53127 /* Cell.swift */ = {isa = PBXFileReference; lastKnownFileType = sourcecode.swift; path = Cell.swift; sourceTree = "<group>"; };
		E9DCDC8F2864279A00B53127 /* HeaderView.swift */ = {isa = PBXFileReference; lastKnownFileType = sourcecode.swift; path = HeaderView.swift; sourceTree = "<group>"; };
/* End PBXFileReference section */

/* Begin PBXFrameworksBuildPhase section */
		E9DCDC642862FF1D00B53127 /* Frameworks */ = {
			isa = PBXFrameworksBuildPhase;
			buildActionMask = 2147483647;
			files = (
				E9DCDC862862FFBD00B53127 /* RxCocoa in Frameworks */,
				E9DCDC802862FFA800B53127 /* SnapKit in Frameworks */,
				E9DCDC8A2862FFBD00B53127 /* RxSwift in Frameworks */,
				E9DCDC882862FFBD00B53127 /* RxRelay in Frameworks */,
				E9DCDC832862FFB100B53127 /* Then in Frameworks */,
			);
			runOnlyForDeploymentPostprocessing = 0;
		};
/* End PBXFrameworksBuildPhase section */

/* Begin PBXGroup section */
		E9DCDC5E2862FF1D00B53127 = {
			isa = PBXGroup;
			children = (
				E9DCDC692862FF1D00B53127 /* CollectionViewCompositionalLayout-Example */,
				E9DCDC682862FF1D00B53127 /* Products */,
			);
			sourceTree = "<group>";
		};
		E9DCDC682862FF1D00B53127 /* Products */ = {
			isa = PBXGroup;
			children = (
				E9DCDC672862FF1D00B53127 /* CollectionViewCompositionalLayout-Example.app */,
			);
			name = Products;
			sourceTree = "<group>";
		};
		E9DCDC692862FF1D00B53127 /* CollectionViewCompositionalLayout-Example */ = {
			isa = PBXGroup;
			children = (
				E9DCDC6A2862FF1D00B53127 /* AppDelegate.swift */,
				E9DCDC6C2862FF1D00B53127 /* SceneDelegate.swift */,
				E9DCDC6E2862FF1D00B53127 /* ViewController.swift */,
				E9DCDC702862FF1D00B53127 /* Main.storyboard */,
				E9DCDC732862FF1E00B53127 /* Assets.xcassets */,
				E9DCDC752862FF1E00B53127 /* LaunchScreen.storyboard */,
				E9DCDC782862FF1E00B53127 /* Info.plist */,
				E9DCDC8B286309EF00B53127 /* Cell.swift */,
				E9DCDC8F2864279A00B53127 /* HeaderView.swift */,
			);
			path = "CollectionViewCompositionalLayout-Example";
			sourceTree = "<group>";
		};
/* End PBXGroup section */

/* Begin PBXNativeTarget section */
		E9DCDC662862FF1D00B53127 /* CollectionViewCompositionalLayout-Example */ = {
			isa = PBXNativeTarget;
			buildConfigurationList = E9DCDC7B2862FF1E00B53127 /* Build configuration list for PBXNativeTarget "CollectionViewCompositionalLayout-Example" */;
			buildPhases = (
				E9DCDC632862FF1D00B53127 /* Sources */,
				E9DCDC642862FF1D00B53127 /* Frameworks */,
				E9DCDC652862FF1D00B53127 /* Resources */,
			);
			buildRules = (
			);
			dependencies = (
			);
			name = "CollectionViewCompositionalLayout-Example";
			packageProductDependencies = (
				E9DCDC7F2862FFA800B53127 /* SnapKit */,
				E9DCDC822862FFB100B53127 /* Then */,
				E9DCDC852862FFBD00B53127 /* RxCocoa */,
				E9DCDC872862FFBD00B53127 /* RxRelay */,
				E9DCDC892862FFBD00B53127 /* RxSwift */,
			);
			productName = "CollectionViewCompositionalLayout-Example";
			productReference = E9DCDC672862FF1D00B53127 /* CollectionViewCompositionalLayout-Example.app */;
			productType = "com.apple.product-type.application";
		};
/* End PBXNativeTarget section */

/* Begin PBXProject section */
		E9DCDC5F2862FF1D00B53127 /* Project object */ = {
			isa = PBXProject;
			attributes = {
				BuildIndependentTargetsInParallel = 1;
				LastSwiftUpdateCheck = 1330;
				LastUpgradeCheck = 1330;
				TargetAttributes = {
					E9DCDC662862FF1D00B53127 = {
						CreatedOnToolsVersion = 13.3;
					};
				};
			};
			buildConfigurationList = E9DCDC622862FF1D00B53127 /* Build configuration list for PBXProject "CollectionViewCompositionalLayout-Example" */;
			compatibilityVersion = "Xcode 13.0";
			developmentRegion = en;
			hasScannedForEncodings = 0;
			knownRegions = (
				en,
				Base,
			);
			mainGroup = E9DCDC5E2862FF1D00B53127;
			packageReferences = (
				E9DCDC7E2862FFA800B53127 /* XCRemoteSwiftPackageReference "SnapKit" */,
				E9DCDC812862FFB100B53127 /* XCRemoteSwiftPackageReference "Then" */,
				E9DCDC842862FFBD00B53127 /* XCRemoteSwiftPackageReference "RxSwift" */,
			);
			productRefGroup = E9DCDC682862FF1D00B53127 /* Products */;
			projectDirPath = "";
			projectRoot = "";
			targets = (
				E9DCDC662862FF1D00B53127 /* CollectionViewCompositionalLayout-Example */,
			);
		};
/* End PBXProject section */

/* Begin PBXResourcesBuildPhase section */
		E9DCDC652862FF1D00B53127 /* Resources */ = {
			isa = PBXResourcesBuildPhase;
			buildActionMask = 2147483647;
			files = (
				E9DCDC772862FF1E00B53127 /* LaunchScreen.storyboard in Resources */,
				E9DCDC742862FF1E00B53127 /* Assets.xcassets in Resources */,
				E9DCDC722862FF1D00B53127 /* Main.storyboard in Resources */,
			);
			runOnlyForDeploymentPostprocessing = 0;
		};
/* End PBXResourcesBuildPhase section */

/* Begin PBXSourcesBuildPhase section */
		E9DCDC632862FF1D00B53127 /* Sources */ = {
			isa = PBXSourcesBuildPhase;
			buildActionMask = 2147483647;
			files = (
				E9DCDC6F2862FF1D00B53127 /* ViewController.swift in Sources */,
				E9DCDC8C286309EF00B53127 /* Cell.swift in Sources */,
				E9DCDC6B2862FF1D00B53127 /* AppDelegate.swift in Sources */,
				E9DCDC902864279A00B53127 /* HeaderView.swift in Sources */,
				E9DCDC6D2862FF1D00B53127 /* SceneDelegate.swift in Sources */,
			);
			runOnlyForDeploymentPostprocessing = 0;
		};
/* End PBXSourcesBuildPhase section */

/* Begin PBXVariantGroup section */
		E9DCDC702862FF1D00B53127 /* Main.storyboard */ = {
			isa = PBXVariantGroup;
			children = (
				E9DCDC712862FF1D00B53127 /* Base */,
			);
			name = Main.storyboard;
			sourceTree = "<group>";
		};
		E9DCDC752862FF1E00B53127 /* LaunchScreen.storyboard */ = {
			isa = PBXVariantGroup;
			children = (
				E9DCDC762862FF1E00B53127 /* Base */,
			);
			name = LaunchScreen.storyboard;
			sourceTree = "<group>";
		};
/* End PBXVariantGroup section */

/* Begin XCBuildConfiguration section */
		E9DCDC792862FF1E00B53127 /* Debug */ = {
			isa = XCBuildConfiguration;
			buildSettings = {
				ALWAYS_SEARCH_USER_PATHS = NO;
				CLANG_ANALYZER_NONNULL = YES;
				CLANG_ANALYZER_NUMBER_OBJECT_CONVERSION = YES_AGGRESSIVE;
				CLANG_CXX_LANGUAGE_STANDARD = "gnu++17";
				CLANG_ENABLE_MODULES = YES;
				CLANG_ENABLE_OBJC_ARC = YES;
				CLANG_ENABLE_OBJC_WEAK = YES;
				CLANG_WARN_BLOCK_CAPTURE_AUTORELEASING = YES;
				CLANG_WARN_BOOL_CONVERSION = YES;
				CLANG_WARN_COMMA = YES;
				CLANG_WARN_CONSTANT_CONVERSION = YES;
				CLANG_WARN_DEPRECATED_OBJC_IMPLEMENTATIONS = YES;
				CLANG_WARN_DIRECT_OBJC_ISA_USAGE = YES_ERROR;
				CLANG_WARN_DOCUMENTATION_COMMENTS = YES;
				CLANG_WARN_EMPTY_BODY = YES;
				CLANG_WARN_ENUM_CONVERSION = YES;
				CLANG_WARN_INFINITE_RECURSION = YES;
				CLANG_WARN_INT_CONVERSION = YES;
				CLANG_WARN_NON_LITERAL_NULL_CONVERSION = YES;
				CLANG_WARN_OBJC_IMPLICIT_RETAIN_SELF = YES;
				CLANG_WARN_OBJC_LITERAL_CONVERSION = YES;
				CLANG_WARN_OBJC_ROOT_CLASS = YES_ERROR;
				CLANG_WARN_QUOTED_INCLUDE_IN_FRAMEWORK_HEADER = YES;
				CLANG_WARN_RANGE_LOOP_ANALYSIS = YES;
				CLANG_WARN_STRICT_PROTOTYPES = YES;
				CLANG_WARN_SUSPICIOUS_MOVE = YES;
				CLANG_WARN_UNGUARDED_AVAILABILITY = YES_AGGRESSIVE;
				CLANG_WARN_UNREACHABLE_CODE = YES;
				CLANG_WARN__DUPLICATE_METHOD_MATCH = YES;
				COPY_PHASE_STRIP = NO;
				DEBUG_INFORMATION_FORMAT = dwarf;
				ENABLE_STRICT_OBJC_MSGSEND = YES;
				ENABLE_TESTABILITY = YES;
				GCC_C_LANGUAGE_STANDARD = gnu11;
				GCC_DYNAMIC_NO_PIC = NO;
				GCC_NO_COMMON_BLOCKS = YES;
				GCC_OPTIMIZATION_LEVEL = 0;
				GCC_PREPROCESSOR_DEFINITIONS = (
					"DEBUG=1",
					"$(inherited)",
				);
				GCC_WARN_64_TO_32_BIT_CONVERSION = YES;
				GCC_WARN_ABOUT_RETURN_TYPE = YES_ERROR;
				GCC_WARN_UNDECLARED_SELECTOR = YES;
				GCC_WARN_UNINITIALIZED_AUTOS = YES_AGGRESSIVE;
				GCC_WARN_UNUSED_FUNCTION = YES;
				GCC_WARN_UNUSED_VARIABLE = YES;
				IPHONEOS_DEPLOYMENT_TARGET = 15.4;
				MTL_ENABLE_DEBUG_INFO = INCLUDE_SOURCE;
				MTL_FAST_MATH = YES;
				ONLY_ACTIVE_ARCH = YES;
				SDKROOT = iphoneos;
				SWIFT_ACTIVE_COMPILATION_CONDITIONS = DEBUG;
				SWIFT_OPTIMIZATION_LEVEL = "-Onone";
			};
			name = Debug;
		};
		E9DCDC7A2862FF1E00B53127 /* Release */ = {
			isa = XCBuildConfiguration;
			buildSettings = {
				ALWAYS_SEARCH_USER_PATHS = NO;
				CLANG_ANALYZER_NONNULL = YES;
				CLANG_ANALYZER_NUMBER_OBJECT_CONVERSION = YES_AGGRESSIVE;
				CLANG_CXX_LANGUAGE_STANDARD = "gnu++17";
				CLANG_ENABLE_MODULES = YES;
				CLANG_ENABLE_OBJC_ARC = YES;
				CLANG_ENABLE_OBJC_WEAK = YES;
				CLANG_WARN_BLOCK_CAPTURE_AUTORELEASING = YES;
				CLANG_WARN_BOOL_CONVERSION = YES;
				CLANG_WARN_COMMA = YES;
				CLANG_WARN_CONSTANT_CONVERSION = YES;
				CLANG_WARN_DEPRECATED_OBJC_IMPLEMENTATIONS = YES;
				CLANG_WARN_DIRECT_OBJC_ISA_USAGE = YES_ERROR;
				CLANG_WARN_DOCUMENTATION_COMMENTS = YES;
				CLANG_WARN_EMPTY_BODY = YES;
				CLANG_WARN_ENUM_CONVERSION = YES;
				CLANG_WARN_INFINITE_RECURSION = YES;
				CLANG_WARN_INT_CONVERSION = YES;
				CLANG_WARN_NON_LITERAL_NULL_CONVERSION = YES;
				CLANG_WARN_OBJC_IMPLICIT_RETAIN_SELF = YES;
				CLANG_WARN_OBJC_LITERAL_CONVERSION = YES;
				CLANG_WARN_OBJC_ROOT_CLASS = YES_ERROR;
				CLANG_WARN_QUOTED_INCLUDE_IN_FRAMEWORK_HEADER = YES;
				CLANG_WARN_RANGE_LOOP_ANALYSIS = YES;
				CLANG_WARN_STRICT_PROTOTYPES = YES;
				CLANG_WARN_SUSPICIOUS_MOVE = YES;
				CLANG_WARN_UNGUARDED_AVAILABILITY = YES_AGGRESSIVE;
				CLANG_WARN_UNREACHABLE_CODE = YES;
				CLANG_WARN__DUPLICATE_METHOD_MATCH = YES;
				COPY_PHASE_STRIP = NO;
				DEBUG_INFORMATION_FORMAT = "dwarf-with-dsym";
				ENABLE_NS_ASSERTIONS = NO;
				ENABLE_STRICT_OBJC_MSGSEND = YES;
				GCC_C_LANGUAGE_STANDARD = gnu11;
				GCC_NO_COMMON_BLOCKS = YES;
				GCC_WARN_64_TO_32_BIT_CONVERSION = YES;
				GCC_WARN_ABOUT_RETURN_TYPE = YES_ERROR;
				GCC_WARN_UNDECLARED_SELECTOR = YES;
				GCC_WARN_UNINITIALIZED_AUTOS = YES_AGGRESSIVE;
				GCC_WARN_UNUSED_FUNCTION = YES;
				GCC_WARN_UNUSED_VARIABLE = YES;
				IPHONEOS_DEPLOYMENT_TARGET = 15.4;
				MTL_ENABLE_DEBUG_INFO = NO;
				MTL_FAST_MATH = YES;
				SDKROOT = iphoneos;
				SWIFT_COMPILATION_MODE = wholemodule;
				SWIFT_OPTIMIZATION_LEVEL = "-O";
				VALIDATE_PRODUCT = YES;
			};
			name = Release;
		};
		E9DCDC7C2862FF1E00B53127 /* Debug */ = {
			isa = XCBuildConfiguration;
			buildSettings = {
				ASSETCATALOG_COMPILER_APPICON_NAME = AppIcon;
				ASSETCATALOG_COMPILER_GLOBAL_ACCENT_COLOR_NAME = AccentColor;
				CODE_SIGN_STYLE = Automatic;
				CURRENT_PROJECT_VERSION = 1;
				DEVELOPMENT_TEAM = 7T8JF3V3RR;
				GENERATE_INFOPLIST_FILE = YES;
				INFOPLIST_FILE = "CollectionViewCompositionalLayout-Example/Info.plist";
				INFOPLIST_KEY_UIApplicationSupportsIndirectInputEvents = YES;
				INFOPLIST_KEY_UILaunchStoryboardName = LaunchScreen;
				INFOPLIST_KEY_UIMainStoryboardFile = Main;
				INFOPLIST_KEY_UISupportedInterfaceOrientations_iPad = "UIInterfaceOrientationPortrait UIInterfaceOrientationPortraitUpsideDown UIInterfaceOrientationLandscapeLeft UIInterfaceOrientationLandscapeRight";
				INFOPLIST_KEY_UISupportedInterfaceOrientations_iPhone = "UIInterfaceOrientationPortrait UIInterfaceOrientationLandscapeLeft UIInterfaceOrientationLandscapeRight";
				LD_RUNPATH_SEARCH_PATHS = (
					"$(inherited)",
					"@executable_path/Frameworks",
				);
				MARKETING_VERSION = 1.0;
				PRODUCT_BUNDLE_IDENTIFIER = "com.minan.CollectionViewCompositionalLayout-Example";
				PRODUCT_NAME = "$(TARGET_NAME)";
				SWIFT_EMIT_LOC_STRINGS = YES;
				SWIFT_VERSION = 5.0;
				TARGETED_DEVICE_FAMILY = "1,2";
			};
			name = Debug;
		};
		E9DCDC7D2862FF1E00B53127 /* Release */ = {
			isa = XCBuildConfiguration;
			buildSettings = {
				ASSETCATALOG_COMPILER_APPICON_NAME = AppIcon;
				ASSETCATALOG_COMPILER_GLOBAL_ACCENT_COLOR_NAME = AccentColor;
				CODE_SIGN_STYLE = Automatic;
				CURRENT_PROJECT_VERSION = 1;
				DEVELOPMENT_TEAM = 7T8JF3V3RR;
				GENERATE_INFOPLIST_FILE = YES;
				INFOPLIST_FILE = "CollectionViewCompositionalLayout-Example/Info.plist";
				INFOPLIST_KEY_UIApplicationSupportsIndirectInputEvents = YES;
				INFOPLIST_KEY_UILaunchStoryboardName = LaunchScreen;
				INFOPLIST_KEY_UIMainStoryboardFile = Main;
				INFOPLIST_KEY_UISupportedInterfaceOrientations_iPad = "UIInterfaceOrientationPortrait UIInterfaceOrientationPortraitUpsideDown UIInterfaceOrientationLandscapeLeft UIInterfaceOrientationLandscapeRight";
				INFOPLIST_KEY_UISupportedInterfaceOrientations_iPhone = "UIInterfaceOrientationPortrait UIInterfaceOrientationLandscapeLeft UIInterfaceOrientationLandscapeRight";
				LD_RUNPATH_SEARCH_PATHS = (
					"$(inherited)",
					"@executable_path/Frameworks",
				);
				MARKETING_VERSION = 1.0;
				PRODUCT_BUNDLE_IDENTIFIER = "com.minan.CollectionViewCompositionalLayout-Example";
				PRODUCT_NAME = "$(TARGET_NAME)";
				SWIFT_EMIT_LOC_STRINGS = YES;
				SWIFT_VERSION = 5.0;
				TARGETED_DEVICE_FAMILY = "1,2";
			};
			name = Release;
		};
/* End XCBuildConfiguration section */

/* Begin XCConfigurationList section */
		E9DCDC622862FF1D00B53127 /* Build configuration list for PBXProject "CollectionViewCompositionalLayout-Example" */ = {
			isa = XCConfigurationList;
			buildConfigurations = (
				E9DCDC792862FF1E00B53127 /* Debug */,
				E9DCDC7A2862FF1E00B53127 /* Release */,
			);
			defaultConfigurationIsVisible = 0;
			defaultConfigurationName = Release;
		};
		E9DCDC7B2862FF1E00B53127 /* Build configuration list for PBXNativeTarget "CollectionViewCompositionalLayout-Example" */ = {
			isa = XCConfigurationList;
			buildConfigurations = (
				E9DCDC7C2862FF1E00B53127 /* Debug */,
				E9DCDC7D2862FF1E00B53127 /* Release */,
			);
			defaultConfigurationIsVisible = 0;
			defaultConfigurationName = Release;
		};
/* End XCConfigurationList section */

/* Begin XCRemoteSwiftPackageReference section */
		E9DCDC7E2862FFA800B53127 /* XCRemoteSwiftPackageReference "SnapKit" */ = {
			isa = XCRemoteSwiftPackageReference;
			repositoryURL = "https://github.com/SnapKit/SnapKit.git";
			requirement = {
				kind = upToNextMajorVersion;
				minimumVersion = 5.0.0;
			};
		};
		E9DCDC812862FFB100B53127 /* XCRemoteSwiftPackageReference "Then" */ = {
			isa = XCRemoteSwiftPackageReference;
			repositoryURL = "https://github.com/devxoul/Then.git";
			requirement = {
				kind = upToNextMajorVersion;
				minimumVersion = 3.0.0;
			};
		};
		E9DCDC842862FFBD00B53127 /* XCRemoteSwiftPackageReference "RxSwift" */ = {
			isa = XCRemoteSwiftPackageReference;
			repositoryURL = "https://github.com/ReactiveX/RxSwift.git";
			requirement = {
				kind = upToNextMajorVersion;
				minimumVersion = 6.0.0;
			};
		};
/* End XCRemoteSwiftPackageReference section */

/* Begin XCSwiftPackageProductDependency section */
		E9DCDC7F2862FFA800B53127 /* SnapKit */ = {
			isa = XCSwiftPackageProductDependency;
			package = E9DCDC7E2862FFA800B53127 /* XCRemoteSwiftPackageReference "SnapKit" */;
			productName = SnapKit;
		};
		E9DCDC822862FFB100B53127 /* Then */ = {
			isa = XCSwiftPackageProductDependency;
			package = E9DCDC812862FFB100B53127 /* XCRemoteSwiftPackageReference "Then" */;
			productName = Then;
		};
		E9DCDC852862FFBD00B53127 /* RxCocoa */ = {
			isa = XCSwiftPackageProductDependency;
			package = E9DCDC842862FFBD00B53127 /* XCRemoteSwiftPackageReference "RxSwift" */;
			productName = RxCocoa;
		};
		E9DCDC872862FFBD00B53127 /* RxRelay */ = {
			isa = XCSwiftPackageProductDependency;
			package = E9DCDC842862FFBD00B53127 /* XCRemoteSwiftPackageReference "RxSwift" */;
			productName = RxRelay;
		};
		E9DCDC892862FFBD00B53127 /* RxSwift */ = {
			isa = XCSwiftPackageProductDependency;
			package = E9DCDC842862FFBD00B53127 /* XCRemoteSwiftPackageReference "RxSwift" */;
			productName = RxSwift;
		};
/* End XCSwiftPackageProductDependency section */
	};
	rootObject = E9DCDC5F2862FF1D00B53127 /* Project object */;
}
